// !$*UTF8*$!
{
	archiveVersion = 1;
	classes = {
	};
	objectVersion = 46;
	objects = {

/* Begin PBXBuildFile section */
		071874B61A8750FC009D80FA /* AppDelegate.swift in Sources */ = {isa = PBXBuildFile; fileRef = 071874B51A8750FC009D80FA /* AppDelegate.swift */; };
		071874B81A8750FC009D80FA /* ViewController.swift in Sources */ = {isa = PBXBuildFile; fileRef = 071874B71A8750FC009D80FA /* ViewController.swift */; };
		071874BB1A8750FC009D80FA /* Main.storyboard in Resources */ = {isa = PBXBuildFile; fileRef = 071874B91A8750FC009D80FA /* Main.storyboard */; };
		071874BD1A8750FC009D80FA /* Images.xcassets in Resources */ = {isa = PBXBuildFile; fileRef = 071874BC1A8750FC009D80FA /* Images.xcassets */; };
		071874C01A8750FC009D80FA /* LaunchScreen.xib in Resources */ = {isa = PBXBuildFile; fileRef = 071874BE1A8750FC009D80FA /* LaunchScreen.xib */; };
		071874CC1A8750FC009D80FA /* PickerDemoTests.swift in Sources */ = {isa = PBXBuildFile; fileRef = 071874CB1A8750FC009D80FA /* PickerDemoTests.swift */; };
/* End PBXBuildFile section */

/* Begin PBXContainerItemProxy section */
		071874C61A8750FC009D80FA /* PBXContainerItemProxy */ = {
			isa = PBXContainerItemProxy;
			containerPortal = 071874A81A8750FC009D80FA /* Project object */;
			proxyType = 1;
			remoteGlobalIDString = 071874AF1A8750FC009D80FA;
			remoteInfo = PickerDemo;
		};
/* End PBXContainerItemProxy section */

/* Begin PBXFileReference section */
		071874B01A8750FC009D80FA /* PickerDemo.app */ = {isa = PBXFileReference; explicitFileType = wrapper.application; includeInIndex = 0; path = PickerDemo.app; sourceTree = BUILT_PRODUCTS_DIR; };
		071874B41A8750FC009D80FA /* Info.plist */ = {isa = PBXFileReference; lastKnownFileType = text.plist.xml; path = Info.plist; sourceTree = "<group>"; };
		071874B51A8750FC009D80FA /* AppDelegate.swift */ = {isa = PBXFileReference; lastKnownFileType = sourcecode.swift; path = AppDelegate.swift; sourceTree = "<group>"; };
		071874B71A8750FC009D80FA /* ViewController.swift */ = {isa = PBXFileReference; lastKnownFileType = sourcecode.swift; path = ViewController.swift; sourceTree = "<group>"; };
		071874BA1A8750FC009D80FA /* Base */ = {isa = PBXFileReference; lastKnownFileType = file.storyboard; name = Base; path = Base.lproj/Main.storyboard; sourceTree = "<group>"; };
		071874BC1A8750FC009D80FA /* Images.xcassets */ = {isa = PBXFileReference; lastKnownFileType = folder.assetcatalog; path = Images.xcassets; sourceTree = "<group>"; };
		071874BF1A8750FC009D80FA /* Base */ = {isa = PBXFileReference; lastKnownFileType = file.xib; name = Base; path = Base.lproj/LaunchScreen.xib; sourceTree = "<group>"; };
		071874C51A8750FC009D80FA /* PickerDemoTests.xctest */ = {isa = PBXFileReference; explicitFileType = wrapper.cfbundle; includeInIndex = 0; path = PickerDemoTests.xctest; sourceTree = BUILT_PRODUCTS_DIR; };
		071874CA1A8750FC009D80FA /* Info.plist */ = {isa = PBXFileReference; lastKnownFileType = text.plist.xml; path = Info.plist; sourceTree = "<group>"; };
		071874CB1A8750FC009D80FA /* PickerDemoTests.swift */ = {isa = PBXFileReference; lastKnownFileType = sourcecode.swift; path = PickerDemoTests.swift; sourceTree = "<group>"; };
/* End PBXFileReference section */

/* Begin PBXFrameworksBuildPhase section */
		071874AD1A8750FC009D80FA /* Frameworks */ = {
			isa = PBXFrameworksBuildPhase;
			buildActionMask = 2147483647;
			files = (
			);
			runOnlyForDeploymentPostprocessing = 0;
		};
		071874C21A8750FC009D80FA /* Frameworks */ = {
			isa = PBXFrameworksBuildPhase;
			buildActionMask = 2147483647;
			files = (
			);
			runOnlyForDeploymentPostprocessing = 0;
		};
/* End PBXFrameworksBuildPhase section */

/* Begin PBXGroup section */
		071874A71A8750FC009D80FA = {
			isa = PBXGroup;
			children = (
				071874B21A8750FC009D80FA /* PickerDemo */,
				071874C81A8750FC009D80FA /* PickerDemoTests */,
				071874B11A8750FC009D80FA /* Products */,
			);
			sourceTree = "<group>";
		};
		071874B11A8750FC009D80FA /* Products */ = {
			isa = PBXGroup;
			children = (
				071874B01A8750FC009D80FA /* PickerDemo.app */,
				071874C51A8750FC009D80FA /* PickerDemoTests.xctest */,
			);
			name = Products;
			sourceTree = "<group>";
		};
		071874B21A8750FC009D80FA /* PickerDemo */ = {
			isa = PBXGroup;
			children = (
				071874B51A8750FC009D80FA /* AppDelegate.swift */,
				071874B71A8750FC009D80FA /* ViewController.swift */,
				071874B91A8750FC009D80FA /* Main.storyboard */,
				071874BC1A8750FC009D80FA /* Images.xcassets */,
				071874BE1A8750FC009D80FA /* LaunchScreen.xib */,
				071874B31A8750FC009D80FA /* Supporting Files */,
			);
			path = PickerDemo;
			sourceTree = "<group>";
		};
		071874B31A8750FC009D80FA /* Supporting Files */ = {
			isa = PBXGroup;
			children = (
				071874B41A8750FC009D80FA /* Info.plist */,
			);
			name = "Supporting Files";
			sourceTree = "<group>";
		};
		071874C81A8750FC009D80FA /* PickerDemoTests */ = {
			isa = PBXGroup;
			children = (
				071874CB1A8750FC009D80FA /* PickerDemoTests.swift */,
				071874C91A8750FC009D80FA /* Supporting Files */,
			);
			path = PickerDemoTests;
			sourceTree = "<group>";
		};
		071874C91A8750FC009D80FA /* Supporting Files */ = {
			isa = PBXGroup;
			children = (
				071874CA1A8750FC009D80FA /* Info.plist */,
			);
			name = "Supporting Files";
			sourceTree = "<group>";
		};
/* End PBXGroup section */

/* Begin PBXNativeTarget section */
		071874AF1A8750FC009D80FA /* PickerDemo */ = {
			isa = PBXNativeTarget;
			buildConfigurationList = 071874CF1A8750FC009D80FA /* Build configuration list for PBXNativeTarget "PickerDemo" */;
			buildPhases = (
				071874AC1A8750FC009D80FA /* Sources */,
				071874AD1A8750FC009D80FA /* Frameworks */,
				071874AE1A8750FC009D80FA /* Resources */,
			);
			buildRules = (
			);
			dependencies = (
			);
			name = PickerDemo;
			productName = PickerDemo;
			productReference = 071874B01A8750FC009D80FA /* PickerDemo.app */;
			productType = "com.apple.product-type.application";
		};
		071874C41A8750FC009D80FA /* PickerDemoTests */ = {
			isa = PBXNativeTarget;
			buildConfigurationList = 071874D21A8750FC009D80FA /* Build configuration list for PBXNativeTarget "PickerDemoTests" */;
			buildPhases = (
				071874C11A8750FC009D80FA /* Sources */,
				071874C21A8750FC009D80FA /* Frameworks */,
				071874C31A8750FC009D80FA /* Resources */,
			);
			buildRules = (
			);
			dependencies = (
				071874C71A8750FC009D80FA /* PBXTargetDependency */,
			);
			name = PickerDemoTests;
			productName = PickerDemoTests;
			productReference = 071874C51A8750FC009D80FA /* PickerDemoTests.xctest */;
			productType = "com.apple.product-type.bundle.unit-test";
		};
/* End PBXNativeTarget section */

/* Begin PBXProject section */
		071874A81A8750FC009D80FA /* Project object */ = {
			isa = PBXProject;
			attributes = {
				LastUpgradeCheck = 0610;
				ORGANIZATIONNAME = "Plymouth University";
				TargetAttributes = {
					071874AF1A8750FC009D80FA = {
						CreatedOnToolsVersion = 6.1.1;
					};
					071874C41A8750FC009D80FA = {
						CreatedOnToolsVersion = 6.1.1;
						TestTargetID = 071874AF1A8750FC009D80FA;
					};
				};
			};
			buildConfigurationList = 071874AB1A8750FC009D80FA /* Build configuration list for PBXProject "PickerDemo" */;
			compatibilityVersion = "Xcode 3.2";
			developmentRegion = English;
			hasScannedForEncodings = 0;
			knownRegions = (
				en,
				Base,
			);
			mainGroup = 071874A71A8750FC009D80FA;
			productRefGroup = 071874B11A8750FC009D80FA /* Products */;
			projectDirPath = "";
			projectRoot = "";
			targets = (
				071874AF1A8750FC009D80FA /* PickerDemo */,
				071874C41A8750FC009D80FA /* PickerDemoTests */,
			);
		};
/* End PBXProject section */

/* Begin PBXResourcesBuildPhase section */
		071874AE1A8750FC009D80FA /* Resources */ = {
			isa = PBXResourcesBuildPhase;
			buildActionMask = 2147483647;
			files = (
				071874BB1A8750FC009D80FA /* Main.storyboard in Resources */,
				071874C01A8750FC009D80FA /* LaunchScreen.xib in Resources */,
				071874BD1A8750FC009D80FA /* Images.xcassets in Resources */,
			);
			runOnlyForDeploymentPostprocessing = 0;
		};
		071874C31A8750FC009D80FA /* Resources */ = {
			isa = PBXResourcesBuildPhase;
			buildActionMask = 2147483647;
			files = (
			);
			runOnlyForDeploymentPostprocessing = 0;
		};
/* End PBXResourcesBuildPhase section */

/* Begin PBXSourcesBuildPhase section */
		071874AC1A8750FC009D80FA /* Sources */ = {
			isa = PBXSourcesBuildPhase;
			buildActionMask = 2147483647;
			files = (
				071874B81A8750FC009D80FA /* ViewController.swift in Sources */,
				071874B61A8750FC009D80FA /* AppDelegate.swift in Sources */,
			);
			runOnlyForDeploymentPostprocessing = 0;
		};
		071874C11A8750FC009D80FA /* Sources */ = {
			isa = PBXSourcesBuildPhase;
			buildActionMask = 2147483647;
			files = (
				071874CC1A8750FC009D80FA /* PickerDemoTests.swift in Sources */,
			);
			runOnlyForDeploymentPostprocessing = 0;
		};
/* End PBXSourcesBuildPhase section */

/* Begin PBXTargetDependency section */
		071874C71A8750FC009D80FA /* PBXTargetDependency */ = {
			isa = PBXTargetDependency;
			target = 071874AF1A8750FC009D80FA /* PickerDemo */;
			targetProxy = 071874C61A8750FC009D80FA /* PBXContainerItemProxy */;
		};
/* End PBXTargetDependency section */

/* Begin PBXVariantGroup section */
		071874B91A8750FC009D80FA /* Main.storyboard */ = {
			isa = PBXVariantGroup;
			children = (
				071874BA1A8750FC009D80FA /* Base */,
			);
			name = Main.storyboard;
			sourceTree = "<group>";
		};
		071874BE1A8750FC009D80FA /* LaunchScreen.xib */ = {
			isa = PBXVariantGroup;
			children = (
				071874BF1A8750FC009D80FA /* Base */,
			);
			name = LaunchScreen.xib;
			sourceTree = "<group>";
		};
/* End PBXVariantGroup section */

/* Begin XCBuildConfiguration section */
		071874CD1A8750FC009D80FA /* Debug */ = {
			isa = XCBuildConfiguration;
			buildSettings = {
				ALWAYS_SEARCH_USER_PATHS = NO;
				CLANG_CXX_LANGUAGE_STANDARD = "gnu++0x";
				CLANG_CXX_LIBRARY = "libc++";
				CLANG_ENABLE_MODULES = YES;
				CLANG_ENABLE_OBJC_ARC = YES;
				CLANG_WARN_BOOL_CONVERSION = YES;
				CLANG_WARN_CONSTANT_CONVERSION = YES;
				CLANG_WARN_DIRECT_OBJC_ISA_USAGE = YES_ERROR;
				CLANG_WARN_EMPTY_BODY = YES;
				CLANG_WARN_ENUM_CONVERSION = YES;
				CLANG_WARN_INT_CONVERSION = YES;
				CLANG_WARN_OBJC_ROOT_CLASS = YES_ERROR;
				CLANG_WARN_UNREACHABLE_CODE = YES;
				CLANG_WARN__DUPLICATE_METHOD_MATCH = YES;
				"CODE_SIGN_IDENTITY[sdk=iphoneos*]" = "iPhone Developer";
				COPY_PHASE_STRIP = NO;
				ENABLE_STRICT_OBJC_MSGSEND = YES;
				GCC_C_LANGUAGE_STANDARD = gnu99;
				GCC_DYNAMIC_NO_PIC = NO;
				GCC_OPTIMIZATION_LEVEL = 0;
				GCC_PREPROCESSOR_DEFINITIONS = (
					"DEBUG=1",
					"$(inherited)",
				);
				GCC_SYMBOLS_PRIVATE_EXTERN = NO;
				GCC_WARN_64_TO_32_BIT_CONVERSION = YES;
				GCC_WARN_ABOUT_RETURN_TYPE = YES_ERROR;
				GCC_WARN_UNDECLARED_SELECTOR = YES;
				GCC_WARN_UNINITIALIZED_AUTOS = YES_AGGRESSIVE;
				GCC_WARN_UNUSED_FUNCTION = YES;
				GCC_WARN_UNUSED_VARIABLE = YES;
				IPHONEOS_DEPLOYMENT_TARGET = 8.1;
				MTL_ENABLE_DEBUG_INFO = YES;
				ONLY_ACTIVE_ARCH = YES;
				SDKROOT = iphoneos;
				SWIFT_OPTIMIZATION_LEVEL = "-Onone";
			};
			name = Debug;
		};
		071874CE1A8750FC009D80FA /* Release */ = {
			isa = XCBuildConfiguration;
			buildSettings = {
				ALWAYS_SEARCH_USER_PATHS = NO;
				CLANG_CXX_LANGUAGE_STANDARD = "gnu++0x";
				CLANG_CXX_LIBRARY = "libc++";
				CLANG_ENABLE_MODULES = YES;
				CLANG_ENABLE_OBJC_ARC = YES;
				CLANG_WARN_BOOL_CONVERSION = YES;
				CLANG_WARN_CONSTANT_CONVERSION = YES;
				CLANG_WARN_DIRECT_OBJC_ISA_USAGE = YES_ERROR;
				CLANG_WARN_EMPTY_BODY = YES;
				CLANG_WARN_ENUM_CONVERSION = YES;
				CLANG_WARN_INT_CONVERSION = YES;
				CLANG_WARN_OBJC_ROOT_CLASS = YES_ERROR;
				CLANG_WARN_UNREACHABLE_CODE = YES;
				CLANG_WARN__DUPLICATE_METHOD_MATCH = YES;
				"CODE_SIGN_IDENTITY[sdk=iphoneos*]" = "iPhone Developer";
				COPY_PHASE_STRIP = YES;
				ENABLE_NS_ASSERTIONS = NO;
				ENABLE_STRICT_OBJC_MSGSEND = YES;
				GCC_C_LANGUAGE_STANDARD = gnu99;
				GCC_WARN_64_TO_32_BIT_CONVERSION = YES;
				GCC_WARN_ABOUT_RETURN_TYPE = YES_ERROR;
				GCC_WARN_UNDECLARED_SELECTOR = YES;
				GCC_WARN_UNINITIALIZED_AUTOS = YES_AGGRESSIVE;
				GCC_WARN_UNUSED_FUNCTION = YES;
				GCC_WARN_UNUSED_VARIABLE = YES;
				IPHONEOS_DEPLOYMENT_TARGET = 8.1;
				MTL_ENABLE_DEBUG_INFO = NO;
				SDKROOT = iphoneos;
				VALIDATE_PRODUCT = YES;
			};
			name = Release;
		};
		071874D01A8750FC009D80FA /* Debug */ = {
			isa = XCBuildConfiguration;
			buildSettings = {
				ASSETCATALOG_COMPILER_APPICON_NAME = AppIcon;
				INFOPLIST_FILE = PickerDemo/Info.plist;
				LD_RUNPATH_SEARCH_PATHS = "$(inherited) @executable_path/Frameworks";
				PRODUCT_NAME = "$(TARGET_NAME)";
			};
			name = Debug;
		};
		071874D11A8750FC009D80FA /* Release */ = {
			isa = XCBuildConfiguration;
			buildSettings = {
				ASSETCATALOG_COMPILER_APPICON_NAME = AppIcon;
				INFOPLIST_FILE = PickerDemo/Info.plist;
				LD_RUNPATH_SEARCH_PATHS = "$(inherited) @executable_path/Frameworks";
				PRODUCT_NAME = "$(TARGET_NAME)";
			};
			name = Release;
		};
		071874D31A8750FC009D80FA /* Debug */ = {
			isa = XCBuildConfiguration;
			buildSettings = {
				BUNDLE_LOADER = "$(TEST_HOST)";
				FRAMEWORK_SEARCH_PATHS = (
					"$(SDKROOT)/Developer/Library/Frameworks",
					"$(inherited)",
				);
				GCC_PREPROCESSOR_DEFINITIONS = (
					"DEBUG=1",
					"$(inherited)",
				);
				INFOPLIST_FILE = PickerDemoTests/Info.plist;
				LD_RUNPATH_SEARCH_PATHS = "$(inherited) @executable_path/Frameworks @loader_path/Frameworks";
				PRODUCT_NAME = "$(TARGET_NAME)";
				TEST_HOST = "$(BUILT_PRODUCTS_DIR)/PickerDemo.app/PickerDemo";
			};
			name = Debug;
		};
		071874D41A8750FC009D80FA /* Release */ = {
			isa = XCBuildConfiguration;
			buildSettings = {
				BUNDLE_LOADER = "$(TEST_HOST)";
				FRAMEWORK_SEARCH_PATHS = (
					"$(SDKROOT)/Developer/Library/Frameworks",
					"$(inherited)",
				);
				INFOPLIST_FILE = PickerDemoTests/Info.plist;
				LD_RUNPATH_SEARCH_PATHS = "$(inherited) @executable_path/Frameworks @loader_path/Frameworks";
				PRODUCT_NAME = "$(TARGET_NAME)";
				TEST_HOST = "$(BUILT_PRODUCTS_DIR)/PickerDemo.app/PickerDemo";
			};
			name = Release;
		};
/* End XCBuildConfiguration section */

/* Begin XCConfigurationList section */
		071874AB1A8750FC009D80FA /* Build configuration list for PBXProject "PickerDemo" */ = {
			isa = XCConfigurationList;
			buildConfigurations = (
				071874CD1A8750FC009D80FA /* Debug */,
				071874CE1A8750FC009D80FA /* Release */,
			);
			defaultConfigurationIsVisible = 0;
			defaultConfigurationName = Release;
		};
		071874CF1A8750FC009D80FA /* Build configuration list for PBXNativeTarget "PickerDemo" */ = {
			isa = XCConfigurationList;
			buildConfigurations = (
				071874D01A8750FC009D80FA /* Debug */,
				071874D11A8750FC009D80FA /* Release */,
			);
			defaultConfigurationIsVisible = 0;
		};
		071874D21A8750FC009D80FA /* Build configuration list for PBXNativeTarget "PickerDemoTests" */ = {
			isa = XCConfigurationList;
			buildConfigurations = (
				071874D31A8750FC009D80FA /* Debug */,
				071874D41A8750FC009D80FA /* Release */,
			);
			defaultConfigurationIsVisible = 0;
		};
/* End XCConfigurationList section */
	};
	rootObject = 071874A81A8750FC009D80FA /* Project object */;
}
